<Solution>
  <Folder Name="/src/">
    <Project Path="src/Finlo.Api/Finlo.Api.csproj" />
    <Project Path="src/Finlo.Application/Finlo.Application.csproj" />
    <Project Path="src/Finlo.Domain/Finlo.Domain.csproj" />
    <Project Path="src/Finlo.Infrastructure/Finlo.Infrastructure.csproj" />
  </Folder>
</Solution>
